
Microsoft Visual Studio Solution File, Format Version 12.00
# Visual Studio Version 16
VisualStudioVersion = 16.0.30804.86
MinimumVisualStudioVersion = 10.0.40219.1
Project("{FAE04EC0-301F-11D3-BF4B-00C04F79EFBC}") = "PharmaCare", "PharmaCare\PharmaCare.csproj", "{6ADA508E-2668-4EE5-B3C0-2CBC75A8E503}"
EndProject
Global
	GlobalSection(SolutionConfigurationPlatforms) = preSolution
		Debug|Any CPU = Debug|Any CPU
		Release|Any CPU = Release|Any CPU
	EndGlobalSection
	GlobalSection(ProjectConfigurationPlatforms) = postSolution
		{6ADA508E-2668-4EE5-B3C0-2CBC75A8E503}.Debug|Any CPU.ActiveCfg = Debug|Any CPU
		{6ADA508E-2668-4EE5-B3C0-2CBC75A8E503}.Debug|Any CPU.Build.0 = Debug|Any CPU
		{6ADA508E-2668-4EE5-B3C0-2CBC75A8E503}.Release|Any CPU.ActiveCfg = Release|Any CPU
		{6ADA508E-2668-4EE5-B3C0-2CBC75A8E503}.Release|Any CPU.Build.0 = Release|Any CPU
	EndGlobalSection
	GlobalSection(SolutionProperties) = preSolution
		HideSolutionNode = FALSE
	EndGlobalSection
	GlobalSection(ExtensibilityGlobals) = postSolution
		SolutionGuid = {B395710F-478C-4D39-8845-EC0DFC0B098A}
	EndGlobalSection
EndGlobal
